// !$*UTF8*$!
{
	archiveVersion = 1;
	classes = {
	};
	objectVersion = 56;
	objects = {

/* Begin PBXBuildFile section */
		0999B5CB2ECDBFF1003F16CE /* LittleLemonApp.swift in Sources */ = {isa = PBXBuildFile; fileRef = 0999B5CA2ECDBFF1003F16CE /* LittleLemonApp.swift */; };
		0999B5CF2ECDBFF3003F16CE /* Assets.xcassets in Resources */ = {isa = PBXBuildFile; fileRef = 0999B5CE2ECDBFF3003F16CE /* Assets.xcassets */; };
		0999B5D22ECDBFF3003F16CE /* Preview Assets.xcassets in Resources */ = {isa = PBXBuildFile; fileRef = 0999B5D12ECDBFF3003F16CE /* Preview Assets.xcassets */; };
		0999B5E12ECDBFF4003F16CE /* LittleLemonTests.swift in Sources */ = {isa = PBXBuildFile; fileRef = 0999B5E02ECDBFF4003F16CE /* LittleLemonTests.swift */; };
		0999B5EB2ECDBFF4003F16CE /* LittleLemonUITests.swift in Sources */ = {isa = PBXBuildFile; fileRef = 0999B5EA2ECDBFF4003F16CE /* LittleLemonUITests.swift */; };
		0999B5ED2ECDBFF4003F16CE /* LittleLemonUITestsLaunchTests.swift in Sources */ = {isa = PBXBuildFile; fileRef = 0999B5EC2ECDBFF4003F16CE /* LittleLemonUITestsLaunchTests.swift */; };
		0999B5FB2ECDDE73003F16CE /* MenuItem.swift in Sources */ = {isa = PBXBuildFile; fileRef = 0999B5FA2ECDDE72003F16CE /* MenuItem.swift */; };
		0999B5FD2ECDDE96003F16CE /* MenuList.swift in Sources */ = {isa = PBXBuildFile; fileRef = 0999B5FC2ECDDE96003F16CE /* MenuList.swift */; };
		0999B6002ECDDEE2003F16CE /* DetailItem.swift in Sources */ = {isa = PBXBuildFile; fileRef = 0999B5FF2ECDDEE2003F16CE /* DetailItem.swift */; };
		0999B6022ECDDF0D003F16CE /* FoodItem.swift in Sources */ = {isa = PBXBuildFile; fileRef = 0999B6012ECDDF0D003F16CE /* FoodItem.swift */; };
		0999B6042ECDDF27003F16CE /* Header.swift in Sources */ = {isa = PBXBuildFile; fileRef = 0999B6032ECDDF27003F16CE /* Header.swift */; };
		0999B6062ECDDF3C003F16CE /* Hero.swift in Sources */ = {isa = PBXBuildFile; fileRef = 0999B6052ECDDF3C003F16CE /* Hero.swift */; };
		0999B6082ECDDF52003F16CE /* Home.swift in Sources */ = {isa = PBXBuildFile; fileRef = 0999B6072ECDDF52003F16CE /* Home.swift */; };
		0999B60A2ECDDF66003F16CE /* MainScreen.swift in Sources */ = {isa = PBXBuildFile; fileRef = 0999B6092ECDDF66003F16CE /* MainScreen.swift */; };
		0999B60C2ECDDF7B003F16CE /* Menu.swift in Sources */ = {isa = PBXBuildFile; fileRef = 0999B60B2ECDDF7B003F16CE /* Menu.swift */; };
		0999B60E2ECDDF98003F16CE /* Onboarding.swift in Sources */ = {isa = PBXBuildFile; fileRef = 0999B60D2ECDDF98003F16CE /* Onboarding.swift */; };
		0999B6102ECDDFB0003F16CE /* UserProfile.swift in Sources */ = {isa = PBXBuildFile; fileRef = 0999B60F2ECDDFB0003F16CE /* UserProfile.swift */; };
		0999B6132ECDDFE5003F16CE /* Styles.swift in Sources */ = {isa = PBXBuildFile; fileRef = 0999B6122ECDDFE5003F16CE /* Styles.swift */; };
		0999B6192ECDE532003F16CE /* Persistence.swift in Sources */ = {isa = PBXBuildFile; fileRef = 0999B6152ECDE532003F16CE /* Persistence.swift */; };
		0999B61A2ECDE532003F16CE /* ExampleDatabase.xcdatamodeld in Sources */ = {isa = PBXBuildFile; fileRef = 0999B6162ECDE532003F16CE /* ExampleDatabase.xcdatamodeld */; };
		0999B61B2ECDE532003F16CE /* FetchedObjects.swift in Sources */ = {isa = PBXBuildFile; fileRef = 0999B6182ECDE532003F16CE /* FetchedObjects.swift */; };
		0999B61F2ECDE59D003F16CE /* ViewModel.swift in Sources */ = {isa = PBXBuildFile; fileRef = 0999B61E2ECDE59D003F16CE /* ViewModel.swift */; };
/* End PBXBuildFile section */

/* Begin PBXContainerItemProxy section */
		0999B5DD2ECDBFF3003F16CE /* PBXContainerItemProxy */ = {
			isa = PBXContainerItemProxy;
			containerPortal = 0999B5BF2ECDBFF1003F16CE /* Project object */;
			proxyType = 1;
			remoteGlobalIDString = 0999B5C62ECDBFF1003F16CE;
			remoteInfo = LittleLemon;
		};
		0999B5E72ECDBFF4003F16CE /* PBXContainerItemProxy */ = {
			isa = PBXContainerItemProxy;
			containerPortal = 0999B5BF2ECDBFF1003F16CE /* Project object */;
			proxyType = 1;
			remoteGlobalIDString = 0999B5C62ECDBFF1003F16CE;
			remoteInfo = LittleLemon;
		};
/* End PBXContainerItemProxy section */

/* Begin PBXFileReference section */
		0999B5C72ECDBFF1003F16CE /* LittleLemon.app */ = {isa = PBXFileReference; explicitFileType = wrapper.application; includeInIndex = 0; path = LittleLemon.app; sourceTree = BUILT_PRODUCTS_DIR; };
		0999B5CA2ECDBFF1003F16CE /* LittleLemonApp.swift */ = {isa = PBXFileReference; lastKnownFileType = sourcecode.swift; path = LittleLemonApp.swift; sourceTree = "<group>"; };
		0999B5CE2ECDBFF3003F16CE /* Assets.xcassets */ = {isa = PBXFileReference; lastKnownFileType = folder.assetcatalog; path = Assets.xcassets; sourceTree = "<group>"; };
		0999B5D12ECDBFF3003F16CE /* Preview Assets.xcassets */ = {isa = PBXFileReference; lastKnownFileType = folder.assetcatalog; path = "Preview Assets.xcassets"; sourceTree = "<group>"; };
		0999B5DC2ECDBFF3003F16CE /* LittleLemonTests.xctest */ = {isa = PBXFileReference; explicitFileType = wrapper.cfbundle; includeInIndex = 0; path = LittleLemonTests.xctest; sourceTree = BUILT_PRODUCTS_DIR; };
		0999B5E02ECDBFF4003F16CE /* LittleLemonTests.swift */ = {isa = PBXFileReference; lastKnownFileType = sourcecode.swift; path = LittleLemonTests.swift; sourceTree = "<group>"; };
		0999B5E62ECDBFF4003F16CE /* LittleLemonUITests.xctest */ = {isa = PBXFileReference; explicitFileType = wrapper.cfbundle; includeInIndex = 0; path = LittleLemonUITests.xctest; sourceTree = BUILT_PRODUCTS_DIR; };
		0999B5EA2ECDBFF4003F16CE /* LittleLemonUITests.swift */ = {isa = PBXFileReference; lastKnownFileType = sourcecode.swift; path = LittleLemonUITests.swift; sourceTree = "<group>"; };
		0999B5EC2ECDBFF4003F16CE /* LittleLemonUITestsLaunchTests.swift */ = {isa = PBXFileReference; lastKnownFileType = sourcecode.swift; path = LittleLemonUITestsLaunchTests.swift; sourceTree = "<group>"; };
		0999B5FA2ECDDE72003F16CE /* MenuItem.swift */ = {isa = PBXFileReference; lastKnownFileType = sourcecode.swift; path = MenuItem.swift; sourceTree = "<group>"; };
		0999B5FC2ECDDE96003F16CE /* MenuList.swift */ = {isa = PBXFileReference; lastKnownFileType = sourcecode.swift; path = MenuList.swift; sourceTree = "<group>"; };
		0999B5FF2ECDDEE2003F16CE /* DetailItem.swift */ = {isa = PBXFileReference; lastKnownFileType = sourcecode.swift; path = DetailItem.swift; sourceTree = "<group>"; };
		0999B6012ECDDF0D003F16CE /* FoodItem.swift */ = {isa = PBXFileReference; lastKnownFileType = sourcecode.swift; path = FoodItem.swift; sourceTree = "<group>"; };
		0999B6032ECDDF27003F16CE /* Header.swift */ = {isa = PBXFileReference; lastKnownFileType = sourcecode.swift; path = Header.swift; sourceTree = "<group>"; };
		0999B6052ECDDF3C003F16CE /* Hero.swift */ = {isa = PBXFileReference; lastKnownFileType = sourcecode.swift; path = Hero.swift; sourceTree = "<group>"; };
		0999B6072ECDDF52003F16CE /* Home.swift */ = {isa = PBXFileReference; lastKnownFileType = sourcecode.swift; path = Home.swift; sourceTree = "<group>"; };
		0999B6092ECDDF66003F16CE /* MainScreen.swift */ = {isa = PBXFileReference; lastKnownFileType = sourcecode.swift; path = MainScreen.swift; sourceTree = "<group>"; };
		0999B60B2ECDDF7B003F16CE /* Menu.swift */ = {isa = PBXFileReference; lastKnownFileType = sourcecode.swift; path = Menu.swift; sourceTree = "<group>"; };
		0999B60D2ECDDF98003F16CE /* Onboarding.swift */ = {isa = PBXFileReference; lastKnownFileType = sourcecode.swift; path = Onboarding.swift; sourceTree = "<group>"; };
		0999B60F2ECDDFB0003F16CE /* UserProfile.swift */ = {isa = PBXFileReference; lastKnownFileType = sourcecode.swift; path = UserProfile.swift; sourceTree = "<group>"; };
		0999B6122ECDDFE5003F16CE /* Styles.swift */ = {isa = PBXFileReference; lastKnownFileType = sourcecode.swift; path = Styles.swift; sourceTree = "<group>"; };
		0999B6152ECDE532003F16CE /* Persistence.swift */ = {isa = PBXFileReference; fileEncoding = 4; lastKnownFileType = sourcecode.swift; path = Persistence.swift; sourceTree = "<group>"; };
		0999B6172ECDE532003F16CE /* ExampleDatabase.xcdatamodel */ = {isa = PBXFileReference; lastKnownFileType = wrapper.xcdatamodel; path = ExampleDatabase.xcdatamodel; sourceTree = "<group>"; };
		0999B6182ECDE532003F16CE /* FetchedObjects.swift */ = {isa = PBXFileReference; fileEncoding = 4; lastKnownFileType = sourcecode.swift; path = FetchedObjects.swift; sourceTree = "<group>"; };
		0999B61E2ECDE59D003F16CE /* ViewModel.swift */ = {isa = PBXFileReference; lastKnownFileType = sourcecode.swift; path = ViewModel.swift; sourceTree = "<group>"; };
/* End PBXFileReference section */

/* Begin PBXFrameworksBuildPhase section */
		0999B5C42ECDBFF1003F16CE /* Frameworks */ = {
			isa = PBXFrameworksBuildPhase;
			buildActionMask = 2147483647;
			files = (
			);
			runOnlyForDeploymentPostprocessing = 0;
		};
		0999B5D92ECDBFF3003F16CE /* Frameworks */ = {
			isa = PBXFrameworksBuildPhase;
			buildActionMask = 2147483647;
			files = (
			);
			runOnlyForDeploymentPostprocessing = 0;
		};
		0999B5E32ECDBFF4003F16CE /* Frameworks */ = {
			isa = PBXFrameworksBuildPhase;
			buildActionMask = 2147483647;
			files = (
			);
			runOnlyForDeploymentPostprocessing = 0;
		};
/* End PBXFrameworksBuildPhase section */

/* Begin PBXGroup section */
		0999B5BE2ECDBFF1003F16CE = {
			isa = PBXGroup;
			children = (
				0999B5C92ECDBFF1003F16CE /* LittleLemon */,
				0999B5DF2ECDBFF3003F16CE /* LittleLemonTests */,
				0999B5E92ECDBFF4003F16CE /* LittleLemonUITests */,
				0999B5C82ECDBFF1003F16CE /* Products */,
			);
			sourceTree = "<group>";
		};
		0999B5C82ECDBFF1003F16CE /* Products */ = {
			isa = PBXGroup;
			children = (
				0999B5C72ECDBFF1003F16CE /* LittleLemon.app */,
				0999B5DC2ECDBFF3003F16CE /* LittleLemonTests.xctest */,
				0999B5E62ECDBFF4003F16CE /* LittleLemonUITests.xctest */,
			);
			name = Products;
			sourceTree = "<group>";
		};
		0999B5C92ECDBFF1003F16CE /* LittleLemon */ = {
			isa = PBXGroup;
			children = (
				0999B61D2ECDE583003F16CE /* ViewModels */,
				0999B6142ECDE2A8003F16CE /* CoreData */,
				0999B5FE2ECDDEC4003F16CE /* Views */,
				0999B5F92ECDDE5B003F16CE /* Models */,
				0999B6122ECDDFE5003F16CE /* Styles.swift */,
				0999B5CE2ECDBFF3003F16CE /* Assets.xcassets */,
				0999B5CA2ECDBFF1003F16CE /* LittleLemonApp.swift */,
				0999B5D02ECDBFF3003F16CE /* Preview Content */,
			);
			path = LittleLemon;
			sourceTree = "<group>";
		};
		0999B5D02ECDBFF3003F16CE /* Preview Content */ = {
			isa = PBXGroup;
			children = (
				0999B5D12ECDBFF3003F16CE /* Preview Assets.xcassets */,
			);
			path = "Preview Content";
			sourceTree = "<group>";
		};
		0999B5DF2ECDBFF3003F16CE /* LittleLemonTests */ = {
			isa = PBXGroup;
			children = (
				0999B5E02ECDBFF4003F16CE /* LittleLemonTests.swift */,
			);
			path = LittleLemonTests;
			sourceTree = "<group>";
		};
		0999B5E92ECDBFF4003F16CE /* LittleLemonUITests */ = {
			isa = PBXGroup;
			children = (
				0999B5EA2ECDBFF4003F16CE /* LittleLemonUITests.swift */,
				0999B5EC2ECDBFF4003F16CE /* LittleLemonUITestsLaunchTests.swift */,
			);
			path = LittleLemonUITests;
			sourceTree = "<group>";
		};
		0999B5F92ECDDE5B003F16CE /* Models */ = {
			isa = PBXGroup;
			children = (
				0999B5FA2ECDDE72003F16CE /* MenuItem.swift */,
				0999B5FC2ECDDE96003F16CE /* MenuList.swift */,
			);
			path = Models;
			sourceTree = "<group>";
		};
		0999B5FE2ECDDEC4003F16CE /* Views */ = {
			isa = PBXGroup;
			children = (
				0999B5FF2ECDDEE2003F16CE /* DetailItem.swift */,
				0999B6012ECDDF0D003F16CE /* FoodItem.swift */,
				0999B6032ECDDF27003F16CE /* Header.swift */,
				0999B6052ECDDF3C003F16CE /* Hero.swift */,
				0999B6072ECDDF52003F16CE /* Home.swift */,
				0999B6092ECDDF66003F16CE /* MainScreen.swift */,
				0999B60B2ECDDF7B003F16CE /* Menu.swift */,
				0999B60D2ECDDF98003F16CE /* Onboarding.swift */,
				0999B60F2ECDDFB0003F16CE /* UserProfile.swift */,
			);
			path = Views;
			sourceTree = "<group>";
		};
		0999B6142ECDE2A8003F16CE /* CoreData */ = {
			isa = PBXGroup;
			children = (
				0999B6162ECDE532003F16CE /* ExampleDatabase.xcdatamodeld */,
				0999B6182ECDE532003F16CE /* FetchedObjects.swift */,
				0999B6152ECDE532003F16CE /* Persistence.swift */,
			);
			path = CoreData;
			sourceTree = "<group>";
		};
		0999B61D2ECDE583003F16CE /* ViewModels */ = {
			isa = PBXGroup;
			children = (
				0999B61E2ECDE59D003F16CE /* ViewModel.swift */,
			);
			path = ViewModels;
			sourceTree = "<group>";
		};
/* End PBXGroup section */

/* Begin PBXNativeTarget section */
		0999B5C62ECDBFF1003F16CE /* LittleLemon */ = {
			isa = PBXNativeTarget;
			buildConfigurationList = 0999B5F02ECDBFF4003F16CE /* Build configuration list for PBXNativeTarget "LittleLemon" */;
			buildPhases = (
				0999B5C32ECDBFF1003F16CE /* Sources */,
				0999B5C42ECDBFF1003F16CE /* Frameworks */,
				0999B5C52ECDBFF1003F16CE /* Resources */,
			);
			buildRules = (
			);
			dependencies = (
			);
			name = LittleLemon;
			productName = LittleLemon;
			productReference = 0999B5C72ECDBFF1003F16CE /* LittleLemon.app */;
			productType = "com.apple.product-type.application";
		};
		0999B5DB2ECDBFF3003F16CE /* LittleLemonTests */ = {
			isa = PBXNativeTarget;
			buildConfigurationList = 0999B5F32ECDBFF4003F16CE /* Build configuration list for PBXNativeTarget "LittleLemonTests" */;
			buildPhases = (
				0999B5D82ECDBFF3003F16CE /* Sources */,
				0999B5D92ECDBFF3003F16CE /* Frameworks */,
				0999B5DA2ECDBFF3003F16CE /* Resources */,
			);
			buildRules = (
			);
			dependencies = (
				0999B5DE2ECDBFF3003F16CE /* PBXTargetDependency */,
			);
			name = LittleLemonTests;
			productName = LittleLemonTests;
			productReference = 0999B5DC2ECDBFF3003F16CE /* LittleLemonTests.xctest */;
			productType = "com.apple.product-type.bundle.unit-test";
		};
		0999B5E52ECDBFF4003F16CE /* LittleLemonUITests */ = {
			isa = PBXNativeTarget;
			buildConfigurationList = 0999B5F62ECDBFF4003F16CE /* Build configuration list for PBXNativeTarget "LittleLemonUITests" */;
			buildPhases = (
				0999B5E22ECDBFF4003F16CE /* Sources */,
				0999B5E32ECDBFF4003F16CE /* Frameworks */,
				0999B5E42ECDBFF4003F16CE /* Resources */,
			);
			buildRules = (
			);
			dependencies = (
				0999B5E82ECDBFF4003F16CE /* PBXTargetDependency */,
			);
			name = LittleLemonUITests;
			productName = LittleLemonUITests;
			productReference = 0999B5E62ECDBFF4003F16CE /* LittleLemonUITests.xctest */;
			productType = "com.apple.product-type.bundle.ui-testing";
		};
/* End PBXNativeTarget section */

/* Begin PBXProject section */
		0999B5BF2ECDBFF1003F16CE /* Project object */ = {
			isa = PBXProject;
			attributes = {
				BuildIndependentTargetsInParallel = 1;
				LastSwiftUpdateCheck = 1520;
				LastUpgradeCheck = 1520;
				TargetAttributes = {
					0999B5C62ECDBFF1003F16CE = {
						CreatedOnToolsVersion = 15.2;
					};
					0999B5DB2ECDBFF3003F16CE = {
						CreatedOnToolsVersion = 15.2;
						TestTargetID = 0999B5C62ECDBFF1003F16CE;
					};
					0999B5E52ECDBFF4003F16CE = {
						CreatedOnToolsVersion = 15.2;
						TestTargetID = 0999B5C62ECDBFF1003F16CE;
					};
				};
			};
			buildConfigurationList = 0999B5C22ECDBFF1003F16CE /* Build configuration list for PBXProject "LittleLemon" */;
			compatibilityVersion = "Xcode 14.0";
			developmentRegion = en;
			hasScannedForEncodings = 0;
			knownRegions = (
				en,
				Base,
			);
			mainGroup = 0999B5BE2ECDBFF1003F16CE;
			productRefGroup = 0999B5C82ECDBFF1003F16CE /* Products */;
			projectDirPath = "";
			projectRoot = "";
			targets = (
				0999B5C62ECDBFF1003F16CE /* LittleLemon */,
				0999B5DB2ECDBFF3003F16CE /* LittleLemonTests */,
				0999B5E52ECDBFF4003F16CE /* LittleLemonUITests */,
			);
		};
/* End PBXProject section */

/* Begin PBXResourcesBuildPhase section */
		0999B5C52ECDBFF1003F16CE /* Resources */ = {
			isa = PBXResourcesBuildPhase;
			buildActionMask = 2147483647;
			files = (
				0999B5D22ECDBFF3003F16CE /* Preview Assets.xcassets in Resources */,
				0999B5CF2ECDBFF3003F16CE /* Assets.xcassets in Resources */,
			);
			runOnlyForDeploymentPostprocessing = 0;
		};
		0999B5DA2ECDBFF3003F16CE /* Resources */ = {
			isa = PBXResourcesBuildPhase;
			buildActionMask = 2147483647;
			files = (
			);
			runOnlyForDeploymentPostprocessing = 0;
		};
		0999B5E42ECDBFF4003F16CE /* Resources */ = {
			isa = PBXResourcesBuildPhase;
			buildActionMask = 2147483647;
			files = (
			);
			runOnlyForDeploymentPostprocessing = 0;
		};
/* End PBXResourcesBuildPhase section */

/* Begin PBXSourcesBuildPhase section */
		0999B5C32ECDBFF1003F16CE /* Sources */ = {
			isa = PBXSourcesBuildPhase;
			buildActionMask = 2147483647;
			files = (
				0999B61B2ECDE532003F16CE /* FetchedObjects.swift in Sources */,
				0999B60A2ECDDF66003F16CE /* MainScreen.swift in Sources */,
				0999B6022ECDDF0D003F16CE /* FoodItem.swift in Sources */,
				0999B6192ECDE532003F16CE /* Persistence.swift in Sources */,
				0999B6102ECDDFB0003F16CE /* UserProfile.swift in Sources */,
				0999B6042ECDDF27003F16CE /* Header.swift in Sources */,
				0999B6082ECDDF52003F16CE /* Home.swift in Sources */,
				0999B61F2ECDE59D003F16CE /* ViewModel.swift in Sources */,
				0999B6062ECDDF3C003F16CE /* Hero.swift in Sources */,
				0999B5CB2ECDBFF1003F16CE /* LittleLemonApp.swift in Sources */,
				0999B60C2ECDDF7B003F16CE /* Menu.swift in Sources */,
				0999B6132ECDDFE5003F16CE /* Styles.swift in Sources */,
				0999B60E2ECDDF98003F16CE /* Onboarding.swift in Sources */,
				0999B5FD2ECDDE96003F16CE /* MenuList.swift in Sources */,
				0999B61A2ECDE532003F16CE /* ExampleDatabase.xcdatamodeld in Sources */,
				0999B6002ECDDEE2003F16CE /* DetailItem.swift in Sources */,
				0999B5FB2ECDDE73003F16CE /* MenuItem.swift in Sources */,
			);
			runOnlyForDeploymentPostprocessing = 0;
		};
		0999B5D82ECDBFF3003F16CE /* Sources */ = {
			isa = PBXSourcesBuildPhase;
			buildActionMask = 2147483647;
			files = (
				0999B5E12ECDBFF4003F16CE /* LittleLemonTests.swift in Sources */,
			);
			runOnlyForDeploymentPostprocessing = 0;
		};
		0999B5E22ECDBFF4003F16CE /* Sources */ = {
			isa = PBXSourcesBuildPhase;
			buildActionMask = 2147483647;
			files = (
				0999B5ED2ECDBFF4003F16CE /* LittleLemonUITestsLaunchTests.swift in Sources */,
				0999B5EB2ECDBFF4003F16CE /* LittleLemonUITests.swift in Sources */,
			);
			runOnlyForDeploymentPostprocessing = 0;
		};
/* End PBXSourcesBuildPhase section */

/* Begin PBXTargetDependency section */
		0999B5DE2ECDBFF3003F16CE /* PBXTargetDependency */ = {
			isa = PBXTargetDependency;
			target = 0999B5C62ECDBFF1003F16CE /* LittleLemon */;
			targetProxy = 0999B5DD2ECDBFF3003F16CE /* PBXContainerItemProxy */;
		};
		0999B5E82ECDBFF4003F16CE /* PBXTargetDependency */ = {
			isa = PBXTargetDependency;
			target = 0999B5C62ECDBFF1003F16CE /* LittleLemon */;
			targetProxy = 0999B5E72ECDBFF4003F16CE /* PBXContainerItemProxy */;
		};
/* End PBXTargetDependency section */

/* Begin XCBuildConfiguration section */
		0999B5EE2ECDBFF4003F16CE /* Debug */ = {
			isa = XCBuildConfiguration;
			buildSettings = {
				ALWAYS_SEARCH_USER_PATHS = NO;
				ASSETCATALOG_COMPILER_GENERATE_SWIFT_ASSET_SYMBOL_EXTENSIONS = YES;
				CLANG_ANALYZER_NONNULL = YES;
				CLANG_ANALYZER_NUMBER_OBJECT_CONVERSION = YES_AGGRESSIVE;
				CLANG_CXX_LANGUAGE_STANDARD = "gnu++20";
				CLANG_ENABLE_MODULES = YES;
				CLANG_ENABLE_OBJC_ARC = YES;
				CLANG_ENABLE_OBJC_WEAK = YES;
				CLANG_WARN_BLOCK_CAPTURE_AUTORELEASING = YES;
				CLANG_WARN_BOOL_CONVERSION = YES;
				CLANG_WARN_COMMA = YES;
				CLANG_WARN_CONSTANT_CONVERSION = YES;
				CLANG_WARN_DEPRECATED_OBJC_IMPLEMENTATIONS = YES;
				CLANG_WARN_DIRECT_OBJC_ISA_USAGE = YES_ERROR;
				CLANG_WARN_DOCUMENTATION_COMMENTS = YES;
				CLANG_WARN_EMPTY_BODY = YES;
				CLANG_WARN_ENUM_CONVERSION = YES;
				CLANG_WARN_INFINITE_RECURSION = YES;
				CLANG_WARN_INT_CONVERSION = YES;
				CLANG_WARN_NON_LITERAL_NULL_CONVERSION = YES;
				CLANG_WARN_OBJC_IMPLICIT_RETAIN_SELF = YES;
				CLANG_WARN_OBJC_LITERAL_CONVERSION = YES;
				CLANG_WARN_OBJC_ROOT_CLASS = YES_ERROR;
				CLANG_WARN_QUOTED_INCLUDE_IN_FRAMEWORK_HEADER = YES;
				CLANG_WARN_RANGE_LOOP_ANALYSIS = YES;
				CLANG_WARN_STRICT_PROTOTYPES = YES;
				CLANG_WARN_SUSPICIOUS_MOVE = YES;
				CLANG_WARN_UNGUARDED_AVAILABILITY = YES_AGGRESSIVE;
				CLANG_WARN_UNREACHABLE_CODE = YES;
				CLANG_WARN__DUPLICATE_METHOD_MATCH = YES;
				COPY_PHASE_STRIP = NO;
				DEBUG_INFORMATION_FORMAT = dwarf;
				ENABLE_STRICT_OBJC_MSGSEND = YES;
				ENABLE_TESTABILITY = YES;
				ENABLE_USER_SCRIPT_SANDBOXING = YES;
				GCC_C_LANGUAGE_STANDARD = gnu17;
				GCC_DYNAMIC_NO_PIC = NO;
				GCC_NO_COMMON_BLOCKS = YES;
				GCC_OPTIMIZATION_LEVEL = 0;
				GCC_PREPROCESSOR_DEFINITIONS = (
					"DEBUG=1",
					"$(inherited)",
				);
				GCC_WARN_64_TO_32_BIT_CONVERSION = YES;
				GCC_WARN_ABOUT_RETURN_TYPE = YES_ERROR;
				GCC_WARN_UNDECLARED_SELECTOR = YES;
				GCC_WARN_UNINITIALIZED_AUTOS = YES_AGGRESSIVE;
				GCC_WARN_UNUSED_FUNCTION = YES;
				GCC_WARN_UNUSED_VARIABLE = YES;
				IPHONEOS_DEPLOYMENT_TARGET = 16.0;
				LOCALIZATION_PREFERS_STRING_CATALOGS = YES;
				MTL_ENABLE_DEBUG_INFO = INCLUDE_SOURCE;
				MTL_FAST_MATH = YES;
				ONLY_ACTIVE_ARCH = YES;
				SDKROOT = iphoneos;
				SWIFT_ACTIVE_COMPILATION_CONDITIONS = "DEBUG $(inherited)";
				SWIFT_OPTIMIZATION_LEVEL = "-Onone";
			};
			name = Debug;
		};
		0999B5EF2ECDBFF4003F16CE /* Release */ = {
			isa = XCBuildConfiguration;
			buildSettings = {
				ALWAYS_SEARCH_USER_PATHS = NO;
				ASSETCATALOG_COMPILER_GENERATE_SWIFT_ASSET_SYMBOL_EXTENSIONS = YES;
				CLANG_ANALYZER_NONNULL = YES;
				CLANG_ANALYZER_NUMBER_OBJECT_CONVERSION = YES_AGGRESSIVE;
				CLANG_CXX_LANGUAGE_STANDARD = "gnu++20";
				CLANG_ENABLE_MODULES = YES;
				CLANG_ENABLE_OBJC_ARC = YES;
				CLANG_ENABLE_OBJC_WEAK = YES;
				CLANG_WARN_BLOCK_CAPTURE_AUTORELEASING = YES;
				CLANG_WARN_BOOL_CONVERSION = YES;
				CLANG_WARN_COMMA = YES;
				CLANG_WARN_CONSTANT_CONVERSION = YES;
				CLANG_WARN_DEPRECATED_OBJC_IMPLEMENTATIONS = YES;
				CLANG_WARN_DIRECT_OBJC_ISA_USAGE = YES_ERROR;
				CLANG_WARN_DOCUMENTATION_COMMENTS = YES;
				CLANG_WARN_EMPTY_BODY = YES;
				CLANG_WARN_ENUM_CONVERSION = YES;
				CLANG_WARN_INFINITE_RECURSION = YES;
				CLANG_WARN_INT_CONVERSION = YES;
				CLANG_WARN_NON_LITERAL_NULL_CONVERSION = YES;
				CLANG_WARN_OBJC_IMPLICIT_RETAIN_SELF = YES;
				CLANG_WARN_OBJC_LITERAL_CONVERSION = YES;
				CLANG_WARN_OBJC_ROOT_CLASS = YES_ERROR;
				CLANG_WARN_QUOTED_INCLUDE_IN_FRAMEWORK_HEADER = YES;
				CLANG_WARN_RANGE_LOOP_ANALYSIS = YES;
				CLANG_WARN_STRICT_PROTOTYPES = YES;
				CLANG_WARN_SUSPICIOUS_MOVE = YES;
				CLANG_WARN_UNGUARDED_AVAILABILITY = YES_AGGRESSIVE;
				CLANG_WARN_UNREACHABLE_CODE = YES;
				CLANG_WARN__DUPLICATE_METHOD_MATCH = YES;
				COPY_PHASE_STRIP = NO;
				DEBUG_INFORMATION_FORMAT = "dwarf-with-dsym";
				ENABLE_NS_ASSERTIONS = NO;
				ENABLE_STRICT_OBJC_MSGSEND = YES;
				ENABLE_USER_SCRIPT_SANDBOXING = YES;
				GCC_C_LANGUAGE_STANDARD = gnu17;
				GCC_NO_COMMON_BLOCKS = YES;
				GCC_WARN_64_TO_32_BIT_CONVERSION = YES;
				GCC_WARN_ABOUT_RETURN_TYPE = YES_ERROR;
				GCC_WARN_UNDECLARED_SELECTOR = YES;
				GCC_WARN_UNINITIALIZED_AUTOS = YES_AGGRESSIVE;
				GCC_WARN_UNUSED_FUNCTION = YES;
				GCC_WARN_UNUSED_VARIABLE = YES;
				IPHONEOS_DEPLOYMENT_TARGET = 16.0;
				LOCALIZATION_PREFERS_STRING_CATALOGS = YES;
				MTL_ENABLE_DEBUG_INFO = NO;
				MTL_FAST_MATH = YES;
				SDKROOT = iphoneos;
				SWIFT_COMPILATION_MODE = wholemodule;
				VALIDATE_PRODUCT = YES;
			};
			name = Release;
		};
		0999B5F12ECDBFF4003F16CE /* Debug */ = {
			isa = XCBuildConfiguration;
			buildSettings = {
				ASSETCATALOG_COMPILER_APPICON_NAME = AppIcon;
				ASSETCATALOG_COMPILER_GLOBAL_ACCENT_COLOR_NAME = AccentColor;
				CODE_SIGN_STYLE = Automatic;
				CURRENT_PROJECT_VERSION = 1;
				DEVELOPMENT_ASSET_PATHS = "\"LittleLemon/Preview Content\"";
				ENABLE_PREVIEWS = YES;
				GENERATE_INFOPLIST_FILE = YES;
				INFOPLIST_KEY_UIApplicationSceneManifest_Generation = YES;
				INFOPLIST_KEY_UIApplicationSupportsIndirectInputEvents = YES;
				INFOPLIST_KEY_UILaunchScreen_Generation = YES;
				INFOPLIST_KEY_UISupportedInterfaceOrientations_iPad = "UIInterfaceOrientationPortrait UIInterfaceOrientationPortraitUpsideDown UIInterfaceOrientationLandscapeLeft UIInterfaceOrientationLandscapeRight";
				INFOPLIST_KEY_UISupportedInterfaceOrientations_iPhone = "UIInterfaceOrientationPortrait UIInterfaceOrientationLandscapeLeft UIInterfaceOrientationLandscapeRight";
				IPHONEOS_DEPLOYMENT_TARGET = 16.0;
				LD_RUNPATH_SEARCH_PATHS = (
					"$(inherited)",
					"@executable_path/Frameworks",
				);
				MARKETING_VERSION = 1.0;
				PRODUCT_BUNDLE_IDENTIFIER = com.atm.LittleLemon;
				PRODUCT_NAME = "$(TARGET_NAME)";
				SWIFT_EMIT_LOC_STRINGS = YES;
				SWIFT_VERSION = 5.0;
				TARGETED_DEVICE_FAMILY = "1,2";
			};
			name = Debug;
		};
		0999B5F22ECDBFF4003F16CE /* Release */ = {
			isa = XCBuildConfiguration;
			buildSettings = {
				ASSETCATALOG_COMPILER_APPICON_NAME = AppIcon;
				ASSETCATALOG_COMPILER_GLOBAL_ACCENT_COLOR_NAME = AccentColor;
				CODE_SIGN_STYLE = Automatic;
				CURRENT_PROJECT_VERSION = 1;
				DEVELOPMENT_ASSET_PATHS = "\"LittleLemon/Preview Content\"";
				ENABLE_PREVIEWS = YES;
				GENERATE_INFOPLIST_FILE = YES;
				INFOPLIST_KEY_UIApplicationSceneManifest_Generation = YES;
				INFOPLIST_KEY_UIApplicationSupportsIndirectInputEvents = YES;
				INFOPLIST_KEY_UILaunchScreen_Generation = YES;
				INFOPLIST_KEY_UISupportedInterfaceOrientations_iPad = "UIInterfaceOrientationPortrait UIInterfaceOrientationPortraitUpsideDown UIInterfaceOrientationLandscapeLeft UIInterfaceOrientationLandscapeRight";
				INFOPLIST_KEY_UISupportedInterfaceOrientations_iPhone = "UIInterfaceOrientationPortrait UIInterfaceOrientationLandscapeLeft UIInterfaceOrientationLandscapeRight";
				IPHONEOS_DEPLOYMENT_TARGET = 16.0;
				LD_RUNPATH_SEARCH_PATHS = (
					"$(inherited)",
					"@executable_path/Frameworks",
				);
				MARKETING_VERSION = 1.0;
				PRODUCT_BUNDLE_IDENTIFIER = com.atm.LittleLemon;
				PRODUCT_NAME = "$(TARGET_NAME)";
				SWIFT_EMIT_LOC_STRINGS = YES;
				SWIFT_VERSION = 5.0;
				TARGETED_DEVICE_FAMILY = "1,2";
			};
			name = Release;
		};
		0999B5F42ECDBFF4003F16CE /* Debug */ = {
			isa = XCBuildConfiguration;
			buildSettings = {
				ALWAYS_EMBED_SWIFT_STANDARD_LIBRARIES = YES;
				BUNDLE_LOADER = "$(TEST_HOST)";
				CODE_SIGN_STYLE = Automatic;
				CURRENT_PROJECT_VERSION = 1;
				GENERATE_INFOPLIST_FILE = YES;
				IPHONEOS_DEPLOYMENT_TARGET = 17.2;
				MARKETING_VERSION = 1.0;
				PRODUCT_BUNDLE_IDENTIFIER = com.atm.LittleLemonTests;
				PRODUCT_NAME = "$(TARGET_NAME)";
				SWIFT_EMIT_LOC_STRINGS = NO;
				SWIFT_VERSION = 5.0;
				TARGETED_DEVICE_FAMILY = "1,2";
				TEST_HOST = "$(BUILT_PRODUCTS_DIR)/LittleLemon.app/$(BUNDLE_EXECUTABLE_FOLDER_PATH)/LittleLemon";
			};
			name = Debug;
		};
		0999B5F52ECDBFF4003F16CE /* Release */ = {
			isa = XCBuildConfiguration;
			buildSettings = {
				ALWAYS_EMBED_SWIFT_STANDARD_LIBRARIES = YES;
				BUNDLE_LOADER = "$(TEST_HOST)";
				CODE_SIGN_STYLE = Automatic;
				CURRENT_PROJECT_VERSION = 1;
				GENERATE_INFOPLIST_FILE = YES;
				IPHONEOS_DEPLOYMENT_TARGET = 17.2;
				MARKETING_VERSION = 1.0;
				PRODUCT_BUNDLE_IDENTIFIER = com.atm.LittleLemonTests;
				PRODUCT_NAME = "$(TARGET_NAME)";
				SWIFT_EMIT_LOC_STRINGS = NO;
				SWIFT_VERSION = 5.0;
				TARGETED_DEVICE_FAMILY = "1,2";
				TEST_HOST = "$(BUILT_PRODUCTS_DIR)/LittleLemon.app/$(BUNDLE_EXECUTABLE_FOLDER_PATH)/LittleLemon";
			};
			name = Release;
		};
		0999B5F72ECDBFF4003F16CE /* Debug */ = {
			isa = XCBuildConfiguration;
			buildSettings = {
				ALWAYS_EMBED_SWIFT_STANDARD_LIBRARIES = YES;
				CODE_SIGN_STYLE = Automatic;
				CURRENT_PROJECT_VERSION = 1;
				GENERATE_INFOPLIST_FILE = YES;
				MARKETING_VERSION = 1.0;
				PRODUCT_BUNDLE_IDENTIFIER = com.atm.LittleLemonUITests;
				PRODUCT_NAME = "$(TARGET_NAME)";
				SWIFT_EMIT_LOC_STRINGS = NO;
				SWIFT_VERSION = 5.0;
				TARGETED_DEVICE_FAMILY = "1,2";
				TEST_TARGET_NAME = LittleLemon;
			};
			name = Debug;
		};
		0999B5F82ECDBFF4003F16CE /* Release */ = {
			isa = XCBuildConfiguration;
			buildSettings = {
				ALWAYS_EMBED_SWIFT_STANDARD_LIBRARIES = YES;
				CODE_SIGN_STYLE = Automatic;
				CURRENT_PROJECT_VERSION = 1;
				GENERATE_INFOPLIST_FILE = YES;
				MARKETING_VERSION = 1.0;
				PRODUCT_BUNDLE_IDENTIFIER = com.atm.LittleLemonUITests;
				PRODUCT_NAME = "$(TARGET_NAME)";
				SWIFT_EMIT_LOC_STRINGS = NO;
				SWIFT_VERSION = 5.0;
				TARGETED_DEVICE_FAMILY = "1,2";
				TEST_TARGET_NAME = LittleLemon;
			};
			name = Release;
		};
/* End XCBuildConfiguration section */

/* Begin XCConfigurationList section */
		0999B5C22ECDBFF1003F16CE /* Build configuration list for PBXProject "LittleLemon" */ = {
			isa = XCConfigurationList;
			buildConfigurations = (
				0999B5EE2ECDBFF4003F16CE /* Debug */,
				0999B5EF2ECDBFF4003F16CE /* Release */,
			);
			defaultConfigurationIsVisible = 0;
			defaultConfigurationName = Release;
		};
		0999B5F02ECDBFF4003F16CE /* Build configuration list for PBXNativeTarget "LittleLemon" */ = {
			isa = XCConfigurationList;
			buildConfigurations = (
				0999B5F12ECDBFF4003F16CE /* Debug */,
				0999B5F22ECDBFF4003F16CE /* Release */,
			);
			defaultConfigurationIsVisible = 0;
			defaultConfigurationName = Release;
		};
		0999B5F32ECDBFF4003F16CE /* Build configuration list for PBXNativeTarget "LittleLemonTests" */ = {
			isa = XCConfigurationList;
			buildConfigurations = (
				0999B5F42ECDBFF4003F16CE /* Debug */,
				0999B5F52ECDBFF4003F16CE /* Release */,
			);
			defaultConfigurationIsVisible = 0;
			defaultConfigurationName = Release;
		};
		0999B5F62ECDBFF4003F16CE /* Build configuration list for PBXNativeTarget "LittleLemonUITests" */ = {
			isa = XCConfigurationList;
			buildConfigurations = (
				0999B5F72ECDBFF4003F16CE /* Debug */,
				0999B5F82ECDBFF4003F16CE /* Release */,
			);
			defaultConfigurationIsVisible = 0;
			defaultConfigurationName = Release;
		};
/* End XCConfigurationList section */

/* Begin XCVersionGroup section */
		0999B6162ECDE532003F16CE /* ExampleDatabase.xcdatamodeld */ = {
			isa = XCVersionGroup;
			children = (
				0999B6172ECDE532003F16CE /* ExampleDatabase.xcdatamodel */,
			);
			currentVersion = 0999B6172ECDE532003F16CE /* ExampleDatabase.xcdatamodel */;
			path = ExampleDatabase.xcdatamodeld;
			sourceTree = "<group>";
			versionGroupType = wrapper.xcdatamodel;
		};
/* End XCVersionGroup section */
	};
	rootObject = 0999B5BF2ECDBFF1003F16CE /* Project object */;
}
